// !$*UTF8*$!
{
	archiveVersion = 1;
	classes = {
	};
	objectVersion = 56;
	objects = {

/* Begin PBXBuildFile section */
		2513ACB92D2A4C3700D023D8 /* ChakraPetch-LightItalic.ttf in Resources */ = {isa = PBXBuildFile; fileRef = 2513ACAF2D2A4C3700D023D8 /* ChakraPetch-LightItalic.ttf */; };
		2513ACBA2D2A4C3700D023D8 /* ChakraPetch-Italic.ttf in Resources */ = {isa = PBXBuildFile; fileRef = 2513ACB02D2A4C3700D023D8 /* ChakraPetch-Italic.ttf */; };
		2513ACBB2D2A4C3700D023D8 /* ChakraPetch-Bold.ttf in Resources */ = {isa = PBXBuildFile; fileRef = 2513ACB12D2A4C3700D023D8 /* ChakraPetch-Bold.ttf */; };
		2513ACBC2D2A4C3700D023D8 /* ChakraPetch-BoldItalic.ttf in Resources */ = {isa = PBXBuildFile; fileRef = 2513ACB22D2A4C3700D023D8 /* ChakraPetch-BoldItalic.ttf */; };
		2513ACBD2D2A4C3700D023D8 /* ChakraPetch-MediumItalic.ttf in Resources */ = {isa = PBXBuildFile; fileRef = 2513ACB32D2A4C3700D023D8 /* ChakraPetch-MediumItalic.ttf */; };
		2513ACBE2D2A4C3700D023D8 /* ChakraPetch-Light.ttf in Resources */ = {isa = PBXBuildFile; fileRef = 2513ACB42D2A4C3700D023D8 /* ChakraPetch-Light.ttf */; };
		2513ACBF2D2A4C3700D023D8 /* ChakraPetch-Regular.ttf in Resources */ = {isa = PBXBuildFile; fileRef = 2513ACB52D2A4C3700D023D8 /* ChakraPetch-Regular.ttf */; };
		2513ACC02D2A4C3700D023D8 /* ChakraPetch-Medium.ttf in Resources */ = {isa = PBXBuildFile; fileRef = 2513ACB62D2A4C3700D023D8 /* ChakraPetch-Medium.ttf */; };
		2513ACC12D2A4C3700D023D8 /* ChakraPetch-SemiBold.ttf in Resources */ = {isa = PBXBuildFile; fileRef = 2513ACB72D2A4C3700D023D8 /* ChakraPetch-SemiBold.ttf */; };
		2513ACC22D2A4C3700D023D8 /* ChakraPetch-SemiBoldItalic.ttf in Resources */ = {isa = PBXBuildFile; fileRef = 2513ACB82D2A4C3700D023D8 /* ChakraPetch-SemiBoldItalic.ttf */; };
		2513ACC42D2A5EAD00D023D8 /* ShareTechMono-Regular.ttf in Resources */ = {isa = PBXBuildFile; fileRef = 2513ACC32D2A5EAD00D023D8 /* ShareTechMono-Regular.ttf */; };
		2528AF5F2D228B58006DCDAE /* AboutView.swift in Sources */ = {isa = PBXBuildFile; fileRef = 2528AF5E2D228B58006DCDAE /* AboutView.swift */; };
		2528AF612D228BC5006DCDAE /* AboutViewController.swift in Sources */ = {isa = PBXBuildFile; fileRef = 2528AF602D228BC5006DCDAE /* AboutViewController.swift */; };
		2572648E2D2A46530073D2B2 /* London Underground LCD Clock.ttf in Resources */ = {isa = PBXBuildFile; fileRef = 2572648D2D2A46530073D2B2 /* London Underground LCD Clock.ttf */; };
		258A92782D203EDD00D9D84E /* StorageItems.swift in Sources */ = {isa = PBXBuildFile; fileRef = 258A92772D203EDD00D9D84E /* StorageItems.swift */; };
		258A927A2D203F8200D9D84E /* SetupView.swift in Sources */ = {isa = PBXBuildFile; fileRef = 258A92792D203F8200D9D84E /* SetupView.swift */; };
		259395282D213C140007C7D8 /* TasksView.swift in Sources */ = {isa = PBXBuildFile; fileRef = 259395272D213C140007C7D8 /* TasksView.swift */; };
		2593952A2D215CAF0007C7D8 /* SettingsView.swift in Sources */ = {isa = PBXBuildFile; fileRef = 259395292D215CAF0007C7D8 /* SettingsView.swift */; };
		2596A66A2D1FF9FE00B46466 /* SolsticeApp.swift in Sources */ = {isa = PBXBuildFile; fileRef = 2596A6692D1FF9FE00B46466 /* SolsticeApp.swift */; };
		2596A66C2D1FF9FE00B46466 /* ContentView.swift in Sources */ = {isa = PBXBuildFile; fileRef = 2596A66B2D1FF9FE00B46466 /* ContentView.swift */; };
		2596A66E2D1FFA0000B46466 /* Assets.xcassets in Resources */ = {isa = PBXBuildFile; fileRef = 2596A66D2D1FFA0000B46466 /* Assets.xcassets */; };
		2596A6712D1FFA0000B46466 /* Preview Assets.xcassets in Resources */ = {isa = PBXBuildFile; fileRef = 2596A6702D1FFA0000B46466 /* Preview Assets.xcassets */; };
		2596A67A2D1FFCCD00B46466 /* PlayfairDisplay-VariableFont_wght.ttf in Resources */ = {isa = PBXBuildFile; fileRef = 2596A6782D1FFCCC00B46466 /* PlayfairDisplay-VariableFont_wght.ttf */; };
		2596A67B2D1FFCCD00B46466 /* PlayfairDisplay-Italic-VariableFont_wght.ttf in Resources */ = {isa = PBXBuildFile; fileRef = 2596A6792D1FFCCC00B46466 /* PlayfairDisplay-Italic-VariableFont_wght.ttf */; };
		2596A67F2D1FFE0500B46466 /* CrimsonPro-Italic-VariableFont_wght.ttf in Resources */ = {isa = PBXBuildFile; fileRef = 2596A67D2D1FFE0500B46466 /* CrimsonPro-Italic-VariableFont_wght.ttf */; };
		2596A6802D1FFE0500B46466 /* CrimsonPro-VariableFont_wght.ttf in Resources */ = {isa = PBXBuildFile; fileRef = 2596A67E2D1FFE0500B46466 /* CrimsonPro-VariableFont_wght.ttf */; };
		2596A6832D20028000B46466 /* Forever in Frameworks */ = {isa = PBXBuildFile; productRef = 2596A6822D20028000B46466 /* Forever */; };
		25AD490A2D21124800C36E8A /* TimerView.swift in Sources */ = {isa = PBXBuildFile; fileRef = 25AD49092D21124800C36E8A /* TimerView.swift */; };
/* End PBXBuildFile section */

/* Begin PBXFileReference section */
		2513ACAF2D2A4C3700D023D8 /* ChakraPetch-LightItalic.ttf */ = {isa = PBXFileReference; lastKnownFileType = file; path = "ChakraPetch-LightItalic.ttf"; sourceTree = "<group>"; };
		2513ACB02D2A4C3700D023D8 /* ChakraPetch-Italic.ttf */ = {isa = PBXFileReference; lastKnownFileType = file; path = "ChakraPetch-Italic.ttf"; sourceTree = "<group>"; };
		2513ACB12D2A4C3700D023D8 /* ChakraPetch-Bold.ttf */ = {isa = PBXFileReference; lastKnownFileType = file; path = "ChakraPetch-Bold.ttf"; sourceTree = "<group>"; };
		2513ACB22D2A4C3700D023D8 /* ChakraPetch-BoldItalic.ttf */ = {isa = PBXFileReference; lastKnownFileType = file; path = "ChakraPetch-BoldItalic.ttf"; sourceTree = "<group>"; };
		2513ACB32D2A4C3700D023D8 /* ChakraPetch-MediumItalic.ttf */ = {isa = PBXFileReference; lastKnownFileType = file; path = "ChakraPetch-MediumItalic.ttf"; sourceTree = "<group>"; };
		2513ACB42D2A4C3700D023D8 /* ChakraPetch-Light.ttf */ = {isa = PBXFileReference; lastKnownFileType = file; path = "ChakraPetch-Light.ttf"; sourceTree = "<group>"; };
		2513ACB52D2A4C3700D023D8 /* ChakraPetch-Regular.ttf */ = {isa = PBXFileReference; lastKnownFileType = file; path = "ChakraPetch-Regular.ttf"; sourceTree = "<group>"; };
		2513ACB62D2A4C3700D023D8 /* ChakraPetch-Medium.ttf */ = {isa = PBXFileReference; lastKnownFileType = file; path = "ChakraPetch-Medium.ttf"; sourceTree = "<group>"; };
		2513ACB72D2A4C3700D023D8 /* ChakraPetch-SemiBold.ttf */ = {isa = PBXFileReference; lastKnownFileType = file; path = "ChakraPetch-SemiBold.ttf"; sourceTree = "<group>"; };
		2513ACB82D2A4C3700D023D8 /* ChakraPetch-SemiBoldItalic.ttf */ = {isa = PBXFileReference; lastKnownFileType = file; path = "ChakraPetch-SemiBoldItalic.ttf"; sourceTree = "<group>"; };
		2513ACC32D2A5EAD00D023D8 /* ShareTechMono-Regular.ttf */ = {isa = PBXFileReference; lastKnownFileType = file; path = "ShareTechMono-Regular.ttf"; sourceTree = "<group>"; };
		2528AF5E2D228B58006DCDAE /* AboutView.swift */ = {isa = PBXFileReference; lastKnownFileType = sourcecode.swift; path = AboutView.swift; sourceTree = "<group>"; };
		2528AF602D228BC5006DCDAE /* AboutViewController.swift */ = {isa = PBXFileReference; lastKnownFileType = sourcecode.swift; path = AboutViewController.swift; sourceTree = "<group>"; };
		2572648D2D2A46530073D2B2 /* London Underground LCD Clock.ttf */ = {isa = PBXFileReference; lastKnownFileType = file; path = "London Underground LCD Clock.ttf"; sourceTree = "<group>"; };
		258A92772D203EDD00D9D84E /* StorageItems.swift */ = {isa = PBXFileReference; lastKnownFileType = sourcecode.swift; path = StorageItems.swift; sourceTree = "<group>"; };
		258A92792D203F8200D9D84E /* SetupView.swift */ = {isa = PBXFileReference; lastKnownFileType = sourcecode.swift; path = SetupView.swift; sourceTree = "<group>"; };
		259395272D213C140007C7D8 /* TasksView.swift */ = {isa = PBXFileReference; lastKnownFileType = sourcecode.swift; path = TasksView.swift; sourceTree = "<group>"; };
		259395292D215CAF0007C7D8 /* SettingsView.swift */ = {isa = PBXFileReference; lastKnownFileType = sourcecode.swift; path = SettingsView.swift; sourceTree = "<group>"; };
		2596A6662D1FF9FE00B46466 /* Elara.app */ = {isa = PBXFileReference; explicitFileType = wrapper.application; includeInIndex = 0; path = Elara.app; sourceTree = BUILT_PRODUCTS_DIR; };
		2596A6692D1FF9FE00B46466 /* SolsticeApp.swift */ = {isa = PBXFileReference; lastKnownFileType = sourcecode.swift; path = SolsticeApp.swift; sourceTree = "<group>"; };
		2596A66B2D1FF9FE00B46466 /* ContentView.swift */ = {isa = PBXFileReference; lastKnownFileType = sourcecode.swift; path = ContentView.swift; sourceTree = "<group>"; };
		2596A66D2D1FFA0000B46466 /* Assets.xcassets */ = {isa = PBXFileReference; lastKnownFileType = folder.assetcatalog; path = Assets.xcassets; sourceTree = "<group>"; };
		2596A6702D1FFA0000B46466 /* Preview Assets.xcassets */ = {isa = PBXFileReference; lastKnownFileType = folder.assetcatalog; path = "Preview Assets.xcassets"; sourceTree = "<group>"; };
		2596A6722D1FFA0000B46466 /* Solstice.entitlements */ = {isa = PBXFileReference; lastKnownFileType = text.plist.entitlements; path = Solstice.entitlements; sourceTree = "<group>"; };
		2596A6782D1FFCCC00B46466 /* PlayfairDisplay-VariableFont_wght.ttf */ = {isa = PBXFileReference; lastKnownFileType = file; path = "PlayfairDisplay-VariableFont_wght.ttf"; sourceTree = "<group>"; };
		2596A6792D1FFCCC00B46466 /* PlayfairDisplay-Italic-VariableFont_wght.ttf */ = {isa = PBXFileReference; lastKnownFileType = file; path = "PlayfairDisplay-Italic-VariableFont_wght.ttf"; sourceTree = "<group>"; };
		2596A67C2D1FFCD400B46466 /* Info.plist */ = {isa = PBXFileReference; lastKnownFileType = text.plist; path = Info.plist; sourceTree = "<group>"; };
		2596A67D2D1FFE0500B46466 /* CrimsonPro-Italic-VariableFont_wght.ttf */ = {isa = PBXFileReference; lastKnownFileType = file; path = "CrimsonPro-Italic-VariableFont_wght.ttf"; sourceTree = "<group>"; };
		2596A67E2D1FFE0500B46466 /* CrimsonPro-VariableFont_wght.ttf */ = {isa = PBXFileReference; lastKnownFileType = file; path = "CrimsonPro-VariableFont_wght.ttf"; sourceTree = "<group>"; };
		25AD49092D21124800C36E8A /* TimerView.swift */ = {isa = PBXFileReference; lastKnownFileType = sourcecode.swift; path = TimerView.swift; sourceTree = "<group>"; };
/* End PBXFileReference section */

/* Begin PBXFrameworksBuildPhase section */
		2596A6632D1FF9FE00B46466 /* Frameworks */ = {
			isa = PBXFrameworksBuildPhase;
			buildActionMask = 2147483647;
			files = (
				2596A6832D20028000B46466 /* Forever in Frameworks */,
			);
			runOnlyForDeploymentPostprocessing = 0;
		};
/* End PBXFrameworksBuildPhase section */

/* Begin PBXGroup section */
		2596A65D2D1FF9FD00B46466 = {
			isa = PBXGroup;
			children = (
				2596A6682D1FF9FE00B46466 /* Solstice */,
				2596A6672D1FF9FE00B46466 /* Products */,
			);
			sourceTree = "<group>";
		};
		2596A6672D1FF9FE00B46466 /* Products */ = {
			isa = PBXGroup;
			children = (
				2596A6662D1FF9FE00B46466 /* Elara.app */,
			);
			name = Products;
			sourceTree = "<group>";
		};
		2596A6682D1FF9FE00B46466 /* Solstice */ = {
			isa = PBXGroup;
			children = (
				2596A67C2D1FFCD400B46466 /* Info.plist */,
				2596A6792D1FFCCC00B46466 /* PlayfairDisplay-Italic-VariableFont_wght.ttf */,
				2596A6782D1FFCCC00B46466 /* PlayfairDisplay-VariableFont_wght.ttf */,
				2572648D2D2A46530073D2B2 /* London Underground LCD Clock.ttf */,
				2596A67D2D1FFE0500B46466 /* CrimsonPro-Italic-VariableFont_wght.ttf */,
				2596A67E2D1FFE0500B46466 /* CrimsonPro-VariableFont_wght.ttf */,
				2513ACB12D2A4C3700D023D8 /* ChakraPetch-Bold.ttf */,
				2513ACB22D2A4C3700D023D8 /* ChakraPetch-BoldItalic.ttf */,
				2513ACB02D2A4C3700D023D8 /* ChakraPetch-Italic.ttf */,
				2513ACB42D2A4C3700D023D8 /* ChakraPetch-Light.ttf */,
				2513ACAF2D2A4C3700D023D8 /* ChakraPetch-LightItalic.ttf */,
				2513ACB62D2A4C3700D023D8 /* ChakraPetch-Medium.ttf */,
				2513ACB32D2A4C3700D023D8 /* ChakraPetch-MediumItalic.ttf */,
				2513ACC32D2A5EAD00D023D8 /* ShareTechMono-Regular.ttf */,
				2513ACB52D2A4C3700D023D8 /* ChakraPetch-Regular.ttf */,
				2513ACB72D2A4C3700D023D8 /* ChakraPetch-SemiBold.ttf */,
				2513ACB82D2A4C3700D023D8 /* ChakraPetch-SemiBoldItalic.ttf */,
				2596A6692D1FF9FE00B46466 /* SolsticeApp.swift */,
				2528AF602D228BC5006DCDAE /* AboutViewController.swift */,
				2596A66B2D1FF9FE00B46466 /* ContentView.swift */,
				2528AF5E2D228B58006DCDAE /* AboutView.swift */,
				25AD49092D21124800C36E8A /* TimerView.swift */,
				259395272D213C140007C7D8 /* TasksView.swift */,
				258A92792D203F8200D9D84E /* SetupView.swift */,
				258A92772D203EDD00D9D84E /* StorageItems.swift */,
				259395292D215CAF0007C7D8 /* SettingsView.swift */,
				2596A66D2D1FFA0000B46466 /* Assets.xcassets */,
				2596A6722D1FFA0000B46466 /* Solstice.entitlements */,
				2596A66F2D1FFA0000B46466 /* Preview Content */,
			);
			path = Solstice;
			sourceTree = "<group>";
		};
		2596A66F2D1FFA0000B46466 /* Preview Content */ = {
			isa = PBXGroup;
			children = (
				2596A6702D1FFA0000B46466 /* Preview Assets.xcassets */,
			);
			path = "Preview Content";
			sourceTree = "<group>";
		};
/* End PBXGroup section */

/* Begin PBXNativeTarget section */
		2596A6652D1FF9FE00B46466 /* Elara */ = {
			isa = PBXNativeTarget;
			buildConfigurationList = 2596A6752D1FFA0000B46466 /* Build configuration list for PBXNativeTarget "Elara" */;
			buildPhases = (
				2596A6622D1FF9FE00B46466 /* Sources */,
				2596A6632D1FF9FE00B46466 /* Frameworks */,
				2596A6642D1FF9FE00B46466 /* Resources */,
			);
			buildRules = (
			);
			dependencies = (
			);
			name = Elara;
			packageProductDependencies = (
				2596A6822D20028000B46466 /* Forever */,
			);
			productName = Solstice;
			productReference = 2596A6662D1FF9FE00B46466 /* Elara.app */;
			productType = "com.apple.product-type.application";
		};
/* End PBXNativeTarget section */

/* Begin PBXProject section */
		2596A65E2D1FF9FD00B46466 /* Project object */ = {
			isa = PBXProject;
			attributes = {
				BuildIndependentTargetsInParallel = 1;
				LastSwiftUpdateCheck = 1420;
				LastUpgradeCheck = 1630;
				TargetAttributes = {
					2596A6652D1FF9FE00B46466 = {
						CreatedOnToolsVersion = 14.2;
					};
				};
			};
			buildConfigurationList = 2596A6612D1FF9FD00B46466 /* Build configuration list for PBXProject "Elara" */;
			compatibilityVersion = "Xcode 14.0";
			developmentRegion = en;
			hasScannedForEncodings = 0;
			knownRegions = (
				en,
				Base,
			);
			mainGroup = 2596A65D2D1FF9FD00B46466;
			packageReferences = (
				2596A6812D20028000B46466 /* XCRemoteSwiftPackageReference "forever" */,
			);
			productRefGroup = 2596A6672D1FF9FE00B46466 /* Products */;
			projectDirPath = "";
			projectRoot = "";
			targets = (
				2596A6652D1FF9FE00B46466 /* Elara */,
			);
		};
/* End PBXProject section */

/* Begin PBXResourcesBuildPhase section */
		2596A6642D1FF9FE00B46466 /* Resources */ = {
			isa = PBXResourcesBuildPhase;
			buildActionMask = 2147483647;
			files = (
				2513ACB92D2A4C3700D023D8 /* ChakraPetch-LightItalic.ttf in Resources */,
				2513ACBC2D2A4C3700D023D8 /* ChakraPetch-BoldItalic.ttf in Resources */,
				2513ACC42D2A5EAD00D023D8 /* ShareTechMono-Regular.ttf in Resources */,
				2513ACC02D2A4C3700D023D8 /* ChakraPetch-Medium.ttf in Resources */,
				2572648E2D2A46530073D2B2 /* London Underground LCD Clock.ttf in Resources */,
				2513ACC22D2A4C3700D023D8 /* ChakraPetch-SemiBoldItalic.ttf in Resources */,
				2596A67B2D1FFCCD00B46466 /* PlayfairDisplay-Italic-VariableFont_wght.ttf in Resources */,
				2513ACBF2D2A4C3700D023D8 /* ChakraPetch-Regular.ttf in Resources */,
				2513ACBA2D2A4C3700D023D8 /* ChakraPetch-Italic.ttf in Resources */,
				2596A6712D1FFA0000B46466 /* Preview Assets.xcassets in Resources */,
				2513ACBE2D2A4C3700D023D8 /* ChakraPetch-Light.ttf in Resources */,
				2596A67A2D1FFCCD00B46466 /* PlayfairDisplay-VariableFont_wght.ttf in Resources */,
				2513ACBB2D2A4C3700D023D8 /* ChakraPetch-Bold.ttf in Resources */,
				2596A67F2D1FFE0500B46466 /* CrimsonPro-Italic-VariableFont_wght.ttf in Resources */,
				2596A6802D1FFE0500B46466 /* CrimsonPro-VariableFont_wght.ttf in Resources */,
				2513ACBD2D2A4C3700D023D8 /* ChakraPetch-MediumItalic.ttf in Resources */,
				2513ACC12D2A4C3700D023D8 /* ChakraPetch-SemiBold.ttf in Resources */,
				2596A66E2D1FFA0000B46466 /* Assets.xcassets in Resources */,
			);
			runOnlyForDeploymentPostprocessing = 0;
		};
/* End PBXResourcesBuildPhase section */

/* Begin PBXSourcesBuildPhase section */
		2596A6622D1FF9FE00B46466 /* Sources */ = {
			isa = PBXSourcesBuildPhase;
			buildActionMask = 2147483647;
			files = (
				2528AF5F2D228B58006DCDAE /* AboutView.swift in Sources */,
				2593952A2D215CAF0007C7D8 /* SettingsView.swift in Sources */,
				25AD490A2D21124800C36E8A /* TimerView.swift in Sources */,
				2528AF612D228BC5006DCDAE /* AboutViewController.swift in Sources */,
				259395282D213C140007C7D8 /* TasksView.swift in Sources */,
				2596A66C2D1FF9FE00B46466 /* ContentView.swift in Sources */,
				2596A66A2D1FF9FE00B46466 /* SolsticeApp.swift in Sources */,
				258A927A2D203F8200D9D84E /* SetupView.swift in Sources */,
				258A92782D203EDD00D9D84E /* StorageItems.swift in Sources */,
			);
			runOnlyForDeploymentPostprocessing = 0;
		};
/* End PBXSourcesBuildPhase section */

/* Begin XCBuildConfiguration section */
		2596A6732D1FFA0000B46466 /* Debug */ = {
			isa = XCBuildConfiguration;
			buildSettings = {
				ALWAYS_SEARCH_USER_PATHS = NO;
				ASSETCATALOG_COMPILER_GENERATE_SWIFT_ASSET_SYMBOL_EXTENSIONS = YES;
				CLANG_ANALYZER_NONNULL = YES;
				CLANG_ANALYZER_NUMBER_OBJECT_CONVERSION = YES_AGGRESSIVE;
				CLANG_CXX_LANGUAGE_STANDARD = "gnu++20";
				CLANG_ENABLE_MODULES = YES;
				CLANG_ENABLE_OBJC_ARC = YES;
				CLANG_ENABLE_OBJC_WEAK = YES;
				CLANG_WARN_BLOCK_CAPTURE_AUTORELEASING = YES;
				CLANG_WARN_BOOL_CONVERSION = YES;
				CLANG_WARN_COMMA = YES;
				CLANG_WARN_CONSTANT_CONVERSION = YES;
				CLANG_WARN_DEPRECATED_OBJC_IMPLEMENTATIONS = YES;
				CLANG_WARN_DIRECT_OBJC_ISA_USAGE = YES_ERROR;
				CLANG_WARN_DOCUMENTATION_COMMENTS = YES;
				CLANG_WARN_EMPTY_BODY = YES;
				CLANG_WARN_ENUM_CONVERSION = YES;
				CLANG_WARN_INFINITE_RECURSION = YES;
				CLANG_WARN_INT_CONVERSION = YES;
				CLANG_WARN_NON_LITERAL_NULL_CONVERSION = YES;
				CLANG_WARN_OBJC_IMPLICIT_RETAIN_SELF = YES;
				CLANG_WARN_OBJC_LITERAL_CONVERSION = YES;
				CLANG_WARN_OBJC_ROOT_CLASS = YES_ERROR;
				CLANG_WARN_QUOTED_INCLUDE_IN_FRAMEWORK_HEADER = YES;
				CLANG_WARN_RANGE_LOOP_ANALYSIS = YES;
				CLANG_WARN_STRICT_PROTOTYPES = YES;
				CLANG_WARN_SUSPICIOUS_MOVE = YES;
				CLANG_WARN_UNGUARDED_AVAILABILITY = YES_AGGRESSIVE;
				CLANG_WARN_UNREACHABLE_CODE = YES;
				CLANG_WARN__DUPLICATE_METHOD_MATCH = YES;
				COPY_PHASE_STRIP = NO;
				DEAD_CODE_STRIPPING = YES;
				DEBUG_INFORMATION_FORMAT = dwarf;
				DEVELOPMENT_TEAM = MK2VQ82S9T;
				ENABLE_STRICT_OBJC_MSGSEND = YES;
				ENABLE_TESTABILITY = YES;
				ENABLE_USER_SCRIPT_SANDBOXING = YES;
				GCC_C_LANGUAGE_STANDARD = gnu11;
				GCC_DYNAMIC_NO_PIC = NO;
				GCC_NO_COMMON_BLOCKS = YES;
				GCC_OPTIMIZATION_LEVEL = 0;
				GCC_PREPROCESSOR_DEFINITIONS = (
					"DEBUG=1",
					"$(inherited)",
				);
				GCC_WARN_64_TO_32_BIT_CONVERSION = YES;
				GCC_WARN_ABOUT_RETURN_TYPE = YES_ERROR;
				GCC_WARN_UNDECLARED_SELECTOR = YES;
				GCC_WARN_UNINITIALIZED_AUTOS = YES_AGGRESSIVE;
				GCC_WARN_UNUSED_FUNCTION = YES;
				GCC_WARN_UNUSED_VARIABLE = YES;
				MACOSX_DEPLOYMENT_TARGET = 12.7;
				MTL_ENABLE_DEBUG_INFO = INCLUDE_SOURCE;
				MTL_FAST_MATH = YES;
				ONLY_ACTIVE_ARCH = YES;
				SDKROOT = macosx;
				SWIFT_ACTIVE_COMPILATION_CONDITIONS = DEBUG;
				SWIFT_OPTIMIZATION_LEVEL = "-Onone";
			};
			name = Debug;
		};
		2596A6742D1FFA0000B46466 /* Release */ = {
			isa = XCBuildConfiguration;
			buildSettings = {
				ALWAYS_SEARCH_USER_PATHS = NO;
				ASSETCATALOG_COMPILER_GENERATE_SWIFT_ASSET_SYMBOL_EXTENSIONS = YES;
				CLANG_ANALYZER_NONNULL = YES;
				CLANG_ANALYZER_NUMBER_OBJECT_CONVERSION = YES_AGGRESSIVE;
				CLANG_CXX_LANGUAGE_STANDARD = "gnu++20";
				CLANG_ENABLE_MODULES = YES;
				CLANG_ENABLE_OBJC_ARC = YES;
				CLANG_ENABLE_OBJC_WEAK = YES;
				CLANG_WARN_BLOCK_CAPTURE_AUTORELEASING = YES;
				CLANG_WARN_BOOL_CONVERSION = YES;
				CLANG_WARN_COMMA = YES;
				CLANG_WARN_CONSTANT_CONVERSION = YES;
				CLANG_WARN_DEPRECATED_OBJC_IMPLEMENTATIONS = YES;
				CLANG_WARN_DIRECT_OBJC_ISA_USAGE = YES_ERROR;
				CLANG_WARN_DOCUMENTATION_COMMENTS = YES;
				CLANG_WARN_EMPTY_BODY = YES;
				CLANG_WARN_ENUM_CONVERSION = YES;
				CLANG_WARN_INFINITE_RECURSION = YES;
				CLANG_WARN_INT_CONVERSION = YES;
				CLANG_WARN_NON_LITERAL_NULL_CONVERSION = YES;
				CLANG_WARN_OBJC_IMPLICIT_RETAIN_SELF = YES;
				CLANG_WARN_OBJC_LITERAL_CONVERSION = YES;
				CLANG_WARN_OBJC_ROOT_CLASS = YES_ERROR;
				CLANG_WARN_QUOTED_INCLUDE_IN_FRAMEWORK_HEADER = YES;
				CLANG_WARN_RANGE_LOOP_ANALYSIS = YES;
				CLANG_WARN_STRICT_PROTOTYPES = YES;
				CLANG_WARN_SUSPICIOUS_MOVE = YES;
				CLANG_WARN_UNGUARDED_AVAILABILITY = YES_AGGRESSIVE;
				CLANG_WARN_UNREACHABLE_CODE = YES;
				CLANG_WARN__DUPLICATE_METHOD_MATCH = YES;
				COPY_PHASE_STRIP = NO;
				DEAD_CODE_STRIPPING = YES;
				DEBUG_INFORMATION_FORMAT = "dwarf-with-dsym";
				DEVELOPMENT_TEAM = MK2VQ82S9T;
				ENABLE_NS_ASSERTIONS = NO;
				ENABLE_STRICT_OBJC_MSGSEND = YES;
				ENABLE_USER_SCRIPT_SANDBOXING = YES;
				GCC_C_LANGUAGE_STANDARD = gnu11;
				GCC_NO_COMMON_BLOCKS = YES;
				GCC_WARN_64_TO_32_BIT_CONVERSION = YES;
				GCC_WARN_ABOUT_RETURN_TYPE = YES_ERROR;
				GCC_WARN_UNDECLARED_SELECTOR = YES;
				GCC_WARN_UNINITIALIZED_AUTOS = YES_AGGRESSIVE;
				GCC_WARN_UNUSED_FUNCTION = YES;
				GCC_WARN_UNUSED_VARIABLE = YES;
				MACOSX_DEPLOYMENT_TARGET = 12.7;
				MTL_ENABLE_DEBUG_INFO = NO;
				MTL_FAST_MATH = YES;
				SDKROOT = macosx;
				SWIFT_COMPILATION_MODE = wholemodule;
				SWIFT_OPTIMIZATION_LEVEL = "-O";
			};
			name = Release;
		};
		2596A6762D1FFA0000B46466 /* Debug */ = {
			isa = XCBuildConfiguration;
			buildSettings = {
				ASSETCATALOG_COMPILER_APPICON_NAME = AppIcon;
				ASSETCATALOG_COMPILER_GLOBAL_ACCENT_COLOR_NAME = AccentColor;
				CODE_SIGN_ENTITLEMENTS = Solstice/Solstice.entitlements;
				"CODE_SIGN_IDENTITY[sdk=macosx*]" = "Apple Development";
				CODE_SIGN_STYLE = Automatic;
				COMBINE_HIDPI_IMAGES = YES;
				CURRENT_PROJECT_VERSION = 35;
				DEAD_CODE_STRIPPING = YES;
				DEVELOPMENT_ASSET_PATHS = "\"Solstice/Preview Content\"";
				ENABLE_HARDENED_RUNTIME = YES;
				ENABLE_PREVIEWS = YES;
				GENERATE_INFOPLIST_FILE = YES;
				INFOPLIST_FILE = Solstice/Info.plist;
				INFOPLIST_KEY_CFBundleDisplayName = Elara;
				INFOPLIST_KEY_LSApplicationCategoryType = "public.app-category.productivity";
				INFOPLIST_KEY_NSHumanReadableCopyright = "";
				LD_RUNPATH_SEARCH_PATHS = (
					"$(inherited)",
					"@executable_path/../Frameworks",
				);
				MACOSX_DEPLOYMENT_TARGET = 12.0;
				MARKETING_VERSION = 1.1;
				PRODUCT_BUNDLE_IDENTIFIER = com.advaitconty.elara;
				PRODUCT_NAME = "$(TARGET_NAME)";
				SWIFT_EMIT_LOC_STRINGS = YES;
				SWIFT_VERSION = 5.0;
			};
			name = Debug;
		};
		2596A6772D1FFA0000B46466 /* Release */ = {
			isa = XCBuildConfiguration;
			buildSettings = {
				ASSETCATALOG_COMPILER_APPICON_NAME = AppIcon;
				ASSETCATALOG_COMPILER_GLOBAL_ACCENT_COLOR_NAME = AccentColor;
				CODE_SIGN_ENTITLEMENTS = Solstice/Solstice.entitlements;
				"CODE_SIGN_IDENTITY[sdk=macosx*]" = "Apple Development";
				CODE_SIGN_STYLE = Automatic;
				COMBINE_HIDPI_IMAGES = YES;
				CURRENT_PROJECT_VERSION = 35;
				DEAD_CODE_STRIPPING = YES;
				DEVELOPMENT_ASSET_PATHS = "\"Solstice/Preview Content\"";
				ENABLE_HARDENED_RUNTIME = YES;
				ENABLE_PREVIEWS = YES;
				GENERATE_INFOPLIST_FILE = YES;
				INFOPLIST_FILE = Solstice/Info.plist;
				INFOPLIST_KEY_CFBundleDisplayName = Elara;
				INFOPLIST_KEY_LSApplicationCategoryType = "public.app-category.productivity";
				INFOPLIST_KEY_NSHumanReadableCopyright = "";
				LD_RUNPATH_SEARCH_PATHS = (
					"$(inherited)",
					"@executable_path/../Frameworks",
				);
				MACOSX_DEPLOYMENT_TARGET = 12.0;
				MARKETING_VERSION = 1.1;
				PRODUCT_BUNDLE_IDENTIFIER = com.advaitconty.elara;
				PRODUCT_NAME = "$(TARGET_NAME)";
				SWIFT_EMIT_LOC_STRINGS = YES;
				SWIFT_VERSION = 5.0;
			};
			name = Release;
		};
/* End XCBuildConfiguration section */

/* Begin XCConfigurationList section */
		2596A6612D1FF9FD00B46466 /* Build configuration list for PBXProject "Elara" */ = {
			isa = XCConfigurationList;
			buildConfigurations = (
				2596A6732D1FFA0000B46466 /* Debug */,
				2596A6742D1FFA0000B46466 /* Release */,
			);
			defaultConfigurationIsVisible = 0;
			defaultConfigurationName = Release;
		};
		2596A6752D1FFA0000B46466 /* Build configuration list for PBXNativeTarget "Elara" */ = {
			isa = XCConfigurationList;
			buildConfigurations = (
				2596A6762D1FFA0000B46466 /* Debug */,
				2596A6772D1FFA0000B46466 /* Release */,
			);
			defaultConfigurationIsVisible = 0;
			defaultConfigurationName = Release;
		};
/* End XCConfigurationList section */

/* Begin XCRemoteSwiftPackageReference section */
		2596A6812D20028000B46466 /* XCRemoteSwiftPackageReference "forever" */ = {
			isa = XCRemoteSwiftPackageReference;
			repositoryURL = "https://github.com/jiachenyee/forever";
			requirement = {
				branch = main;
				kind = branch;
			};
		};
/* End XCRemoteSwiftPackageReference section */

/* Begin XCSwiftPackageProductDependency section */
		2596A6822D20028000B46466 /* Forever */ = {
			isa = XCSwiftPackageProductDependency;
			package = 2596A6812D20028000B46466 /* XCRemoteSwiftPackageReference "forever" */;
			productName = Forever;
		};
/* End XCSwiftPackageProductDependency section */
	};
	rootObject = 2596A65E2D1FF9FD00B46466 /* Project object */;
}
