{
  "originHash" : "441ad9dff04f742be88b2da0c706ae9ad266b3b6d2ec38a064a2f1b12e6eb553",
  "pins" : [
    {
      "identity" : "forever",
      "kind" : "remoteSourceControl",
      "location" : "https://github.com/jiachenyee/Forever.git",
      "state" : {
        "revision" : "90274e87842722d9b79e61431cbbef1c418944b6",
        "version" : "1.1.0"
      }
    },
    {
      "identity" : "subsonic",
      "kind" : "remoteSourceControl",
      "location" : "https://github.com/twostraws/Subsonic",
      "state" : {
        "revision" : "156c5742279df5d2315e29534a2410f418c8a772",
        "version" : "0.2.0"
      }
    },
    {
      "identity" : "swiftui-pipify",
      "kind" : "remoteSourceControl",
      "location" : "https://github.com/getsidetrack/swiftui-pipify.git",
      "state" : {
        "revision" : "64e24ee19e4caf18cde4e81fb24229999bb2f1d4",
        "version" : "0.5.0"
      }
    }
  ],
  "version" : 3
}
